
Microsoft Visual Studio Solution File, Format Version 12.00
# Visual Studio Version 17
VisualStudioVersion = 17.14.36401.2 d17.14
MinimumVisualStudioVersion = 10.0.40219.1
Project("{FAE04EC0-301F-11D3-BF4B-00C04F79EFBC}") = "screen-window", "screen-window.csproj", "{71DA8992-AE3E-4C48-88B3-277BC1B0D551}"
EndProject
Global
	GlobalSection(SolutionConfigurationPlatforms) = preSolution
		Debug|Any CPU = Debug|Any CPU
		Release|Any CPU = Release|Any CPU
	EndGlobalSection
	GlobalSection(ProjectConfigurationPlatforms) = postSolution
		{71DA8992-AE3E-4C48-88B3-277BC1B0D551}.Debug|Any CPU.ActiveCfg = Debug|Any CPU
		{71DA8992-AE3E-4C48-88B3-277BC1B0D551}.Debug|Any CPU.Build.0 = Debug|Any CPU
		{71DA8992-AE3E-4C48-88B3-277BC1B0D551}.Release|Any CPU.ActiveCfg = Release|Any CPU
		{71DA8992-AE3E-4C48-88B3-277BC1B0D551}.Release|Any CPU.Build.0 = Release|Any CPU
	EndGlobalSection
	GlobalSection(SolutionProperties) = preSolution
		HideSolutionNode = FALSE
	EndGlobalSection
	GlobalSection(ExtensibilityGlobals) = postSolution
		SolutionGuid = {8C966624-285B-4491-81A2-9F31060B84E9}
	EndGlobalSection
EndGlobal
